{
  "nodes": {
    "nixos-repo": {
      "flake": false,
      "locked": {
        "lastModified": 1790463045,
        "narHash": "sha256-R7p3/qxEu6IyXFTxSmsMF3LAAOuJcejeHC4qvwa1ZlM=",
        "owner": "waxkb",
        "repo": "nixos",
        "rev": "2e552b4dd53cc793d101e62eff900fb57adf90cc",
        "type": "github"
      },
      "original": {
        "owner": "waxkb",
        "repo": "nixos",
        "type": "github"
      }
    },
    "nixpkgs": {
      "locked": {
        "lastModified": 1790323409,
        "narHash": "sha256-VVTPf+Hyd5ebpjBMHmrLMSBIeW6ls48Bqtosj7CNKLA=",
        "owner": "nixos",
        "repo": "nixpkgs",
        "rev": "e94cb152ed51bd6e24eb4a41f1460252beb52cd2",
        "type": "github"
      },
      "original": {
        "owner": "nixos",
        "ref": "nixos-unstable",
        "repo": "nixpkgs",
        "type": "github"
      }
    },
    "root": {
      "inputs": {
        "nixos-repo": "nixos-repo",
        "nixpkgs": "nixpkgs"
      }
    }
  },
  "root": "root",
  "version": 7
}
