{
  "nodes": {
    "nixos-repo": {
      "flake": false,
      "locked": {
        "lastModified": 1790474868,
        "narHash": "sha256-5DubtJBQBysEbrlcjtlfldiz4IvArLLGBnYknYpON10=",
        "owner": "waxkb",
        "repo": "nixos",
        "rev": "6d2c5ed80a176967bcb01cb6631a064c080a8ba6",
        "type": "github"
      },
      "original": {
        "owner": "waxkb",
        "repo": "nixos",
        "type": "github"
      }
    },
    "nixpkgs": {
      "locked": {
        "lastModified": 1790323409,
        "narHash": "sha256-VVTPf+Hyd5ebpjBMHmrLMSBIeW6ls48Bqtosj7CNKLA=",
        "owner": "nixos",
        "repo": "nixpkgs",
        "rev": "e94cb152ed51bd6e24eb4a41f1460252beb52cd2",
        "type": "github"
      },
      "original": {
        "owner": "nixos",
        "ref": "nixos-unstable",
        "repo": "nixpkgs",
        "type": "github"
      }
    },
    "root": {
      "inputs": {
        "nixos-repo": "nixos-repo",
        "nixpkgs": "nixpkgs"
      }
    }
  },
  "root": "root",
  "version": 7
}
