{
  "nodes": {
    "nixos-repo": {
      "flake": false,
      "locked": {
        "lastModified": 1790455870,
        "narHash": "sha256-w7hrgGHRa5mUpTjuLYlV5qbX0BadlcYbd15AJ2xogxQ=",
        "owner": "waxkb",
        "repo": "nixos",
        "rev": "2d61f8fdd63889ebb9114b56234a28b6c6c8c43b",
        "type": "github"
      },
      "original": {
        "owner": "waxkb",
        "repo": "nixos",
        "type": "github"
      }
    },
    "nixpkgs": {
      "locked": {
        "lastModified": 1790323409,
        "narHash": "sha256-VVTPf+Hyd5ebpjBMHmrLMSBIeW6ls48Bqtosj7CNKLA=",
        "owner": "nixos",
        "repo": "nixpkgs",
        "rev": "e94cb152ed51bd6e24eb4a41f1460252beb52cd2",
        "type": "github"
      },
      "original": {
        "owner": "nixos",
        "ref": "nixos-unstable",
        "repo": "nixpkgs",
        "type": "github"
      }
    },
    "root": {
      "inputs": {
        "nixos-repo": "nixos-repo",
        "nixpkgs": "nixpkgs"
      }
    }
  },
  "root": "root",
  "version": 7
}
